
Microsoft Visual Studio Solution File, Format Version 12.00
# Visual Studio 14
VisualStudioVersion = 14.0.25420.1
MinimumVisualStudioVersion = 10.0.40219.1
Project("{8BC9CEB8-8B4A-11D0-8D11-00A0C91BC942}") = "Project1", "Project1\Project1.vcxproj", "{3183A0E1-8782-423E-88E6-F0F0533D1435}"
EndProject
Project("{8BC9CEB8-8B4A-11D0-8D11-00A0C91BC942}") = "草稿", "草稿\草稿.vcxproj", "{3AECFEC2-095D-4588-814D-30CAB3E481C7}"
EndProject
Project("{8BC9CEB8-8B4A-11D0-8D11-00A0C91BC942}") = "草稿1", "草稿1\草稿1.vcxproj", "{D8789F7B-56D6-469C-86A7-809D820AA57B}"
EndProject
Project("{8BC9CEB8-8B4A-11D0-8D11-00A0C91BC942}") = "草稿2", "草稿2\草稿2.vcxproj", "{E3F1EA69-E26B-4307-80D9-61B73AEAD5CC}"
EndProject
Project("{8BC9CEB8-8B4A-11D0-8D11-00A0C91BC942}") = "草稿3", "草稿3\草稿3.vcxproj", "{F96725B6-5762-4BEB-A54B-01ADC74865A3}"
EndProject
Project("{8BC9CEB8-8B4A-11D0-8D11-00A0C91BC942}") = "草稿4", "草稿4\草稿4.vcxproj", "{8DD193F8-1EC4-4794-96A0-089B285C7BB2}"
EndProject
Project("{8BC9CEB8-8B4A-11D0-8D11-00A0C91BC942}") = "乘法逆元", "乘法逆元\乘法逆元.vcxproj", "{DFB651F7-7A23-4439-A8FD-02ECC227B0BC}"
EndProject
Project("{8BC9CEB8-8B4A-11D0-8D11-00A0C91BC942}") = "词法分析器", "词法分析器\词法分析器.vcxproj", "{12D355D2-12E9-4B7E-BFBB-0FF81C479451}"
EndProject
Project("{8BC9CEB8-8B4A-11D0-8D11-00A0C91BC942}") = "贪吃蛇", "贪吃蛇\贪吃蛇.vcxproj", "{EBA808F0-2BE9-46BC-B01E-BF866C1225C7}"
EndProject
Global
	GlobalSection(Performance) = preSolution
		HasPerformanceSessions = true
	EndGlobalSection
	GlobalSection(SolutionConfigurationPlatforms) = preSolution
		Debug|x64 = Debug|x64
		Debug|x86 = Debug|x86
		Release|x64 = Release|x64
		Release|x86 = Release|x86
	EndGlobalSection
	GlobalSection(ProjectConfigurationPlatforms) = postSolution
		{3183A0E1-8782-423E-88E6-F0F0533D1435}.Debug|x64.ActiveCfg = Debug|x64
		{3183A0E1-8782-423E-88E6-F0F0533D1435}.Debug|x64.Build.0 = Debug|x64
		{3183A0E1-8782-423E-88E6-F0F0533D1435}.Debug|x86.ActiveCfg = Debug|Win32
		{3183A0E1-8782-423E-88E6-F0F0533D1435}.Debug|x86.Build.0 = Debug|Win32
		{3183A0E1-8782-423E-88E6-F0F0533D1435}.Release|x64.ActiveCfg = Release|x64
		{3183A0E1-8782-423E-88E6-F0F0533D1435}.Release|x64.Build.0 = Release|x64
		{3183A0E1-8782-423E-88E6-F0F0533D1435}.Release|x86.ActiveCfg = Release|Win32
		{3183A0E1-8782-423E-88E6-F0F0533D1435}.Release|x86.Build.0 = Release|Win32
		{3AECFEC2-095D-4588-814D-30CAB3E481C7}.Debug|x64.ActiveCfg = Debug|x64
		{3AECFEC2-095D-4588-814D-30CAB3E481C7}.Debug|x64.Build.0 = Debug|x64
		{3AECFEC2-095D-4588-814D-30CAB3E481C7}.Debug|x86.ActiveCfg = Debug|Win32
		{3AECFEC2-095D-4588-814D-30CAB3E481C7}.Debug|x86.Build.0 = Debug|Win32
		{3AECFEC2-095D-4588-814D-30CAB3E481C7}.Release|x64.ActiveCfg = Release|x64
		{3AECFEC2-095D-4588-814D-30CAB3E481C7}.Release|x64.Build.0 = Release|x64
		{3AECFEC2-095D-4588-814D-30CAB3E481C7}.Release|x86.ActiveCfg = Release|Win32
		{3AECFEC2-095D-4588-814D-30CAB3E481C7}.Release|x86.Build.0 = Release|Win32
		{D8789F7B-56D6-469C-86A7-809D820AA57B}.Debug|x64.ActiveCfg = Debug|x64
		{D8789F7B-56D6-469C-86A7-809D820AA57B}.Debug|x64.Build.0 = Debug|x64
		{D8789F7B-56D6-469C-86A7-809D820AA57B}.Debug|x86.ActiveCfg = Debug|Win32
		{D8789F7B-56D6-469C-86A7-809D820AA57B}.Debug|x86.Build.0 = Debug|Win32
		{D8789F7B-56D6-469C-86A7-809D820AA57B}.Release|x64.ActiveCfg = Release|x64
		{D8789F7B-56D6-469C-86A7-809D820AA57B}.Release|x64.Build.0 = Release|x64
		{D8789F7B-56D6-469C-86A7-809D820AA57B}.Release|x86.ActiveCfg = Release|Win32
		{D8789F7B-56D6-469C-86A7-809D820AA57B}.Release|x86.Build.0 = Release|Win32
		{E3F1EA69-E26B-4307-80D9-61B73AEAD5CC}.Debug|x64.ActiveCfg = Debug|x64
		{E3F1EA69-E26B-4307-80D9-61B73AEAD5CC}.Debug|x64.Build.0 = Debug|x64
		{E3F1EA69-E26B-4307-80D9-61B73AEAD5CC}.Debug|x86.ActiveCfg = Debug|Win32
		{E3F1EA69-E26B-4307-80D9-61B73AEAD5CC}.Debug|x86.Build.0 = Debug|Win32
		{E3F1EA69-E26B-4307-80D9-61B73AEAD5CC}.Release|x64.ActiveCfg = Release|x64
		{E3F1EA69-E26B-4307-80D9-61B73AEAD5CC}.Release|x64.Build.0 = Release|x64
		{E3F1EA69-E26B-4307-80D9-61B73AEAD5CC}.Release|x86.ActiveCfg = Release|Win32
		{E3F1EA69-E26B-4307-80D9-61B73AEAD5CC}.Release|x86.Build.0 = Release|Win32
		{F96725B6-5762-4BEB-A54B-01ADC74865A3}.Debug|x64.ActiveCfg = Debug|x64
		{F96725B6-5762-4BEB-A54B-01ADC74865A3}.Debug|x64.Build.0 = Debug|x64
		{F96725B6-5762-4BEB-A54B-01ADC74865A3}.Debug|x86.ActiveCfg = Debug|Win32
		{F96725B6-5762-4BEB-A54B-01ADC74865A3}.Debug|x86.Build.0 = Debug|Win32
		{F96725B6-5762-4BEB-A54B-01ADC74865A3}.Release|x64.ActiveCfg = Release|x64
		{F96725B6-5762-4BEB-A54B-01ADC74865A3}.Release|x64.Build.0 = Release|x64
		{F96725B6-5762-4BEB-A54B-01ADC74865A3}.Release|x86.ActiveCfg = Release|Win32
		{F96725B6-5762-4BEB-A54B-01ADC74865A3}.Release|x86.Build.0 = Release|Win32
		{8DD193F8-1EC4-4794-96A0-089B285C7BB2}.Debug|x64.ActiveCfg = Debug|x64
		{8DD193F8-1EC4-4794-96A0-089B285C7BB2}.Debug|x64.Build.0 = Debug|x64
		{8DD193F8-1EC4-4794-96A0-089B285C7BB2}.Debug|x86.ActiveCfg = Debug|Win32
		{8DD193F8-1EC4-4794-96A0-089B285C7BB2}.Debug|x86.Build.0 = Debug|Win32
		{8DD193F8-1EC4-4794-96A0-089B285C7BB2}.Release|x64.ActiveCfg = Release|x64
		{8DD193F8-1EC4-4794-96A0-089B285C7BB2}.Release|x64.Build.0 = Release|x64
		{8DD193F8-1EC4-4794-96A0-089B285C7BB2}.Release|x86.ActiveCfg = Release|Win32
		{8DD193F8-1EC4-4794-96A0-089B285C7BB2}.Release|x86.Build.0 = Release|Win32
		{DFB651F7-7A23-4439-A8FD-02ECC227B0BC}.Debug|x64.ActiveCfg = Debug|x64
		{DFB651F7-7A23-4439-A8FD-02ECC227B0BC}.Debug|x64.Build.0 = Debug|x64
		{DFB651F7-7A23-4439-A8FD-02ECC227B0BC}.Debug|x86.ActiveCfg = Debug|Win32
		{DFB651F7-7A23-4439-A8FD-02ECC227B0BC}.Debug|x86.Build.0 = Debug|Win32
		{DFB651F7-7A23-4439-A8FD-02ECC227B0BC}.Release|x64.ActiveCfg = Release|x64
		{DFB651F7-7A23-4439-A8FD-02ECC227B0BC}.Release|x64.Build.0 = Release|x64
		{DFB651F7-7A23-4439-A8FD-02ECC227B0BC}.Release|x86.ActiveCfg = Release|Win32
		{DFB651F7-7A23-4439-A8FD-02ECC227B0BC}.Release|x86.Build.0 = Release|Win32
		{12D355D2-12E9-4B7E-BFBB-0FF81C479451}.Debug|x64.ActiveCfg = Debug|x64
		{12D355D2-12E9-4B7E-BFBB-0FF81C479451}.Debug|x64.Build.0 = Debug|x64
		{12D355D2-12E9-4B7E-BFBB-0FF81C479451}.Debug|x86.ActiveCfg = Debug|Win32
		{12D355D2-12E9-4B7E-BFBB-0FF81C479451}.Debug|x86.Build.0 = Debug|Win32
		{12D355D2-12E9-4B7E-BFBB-0FF81C479451}.Release|x64.ActiveCfg = Release|x64
		{12D355D2-12E9-4B7E-BFBB-0FF81C479451}.Release|x64.Build.0 = Release|x64
		{12D355D2-12E9-4B7E-BFBB-0FF81C479451}.Release|x86.ActiveCfg = Release|Win32
		{12D355D2-12E9-4B7E-BFBB-0FF81C479451}.Release|x86.Build.0 = Release|Win32
		{EBA808F0-2BE9-46BC-B01E-BF866C1225C7}.Debug|x64.ActiveCfg = Debug|x64
		{EBA808F0-2BE9-46BC-B01E-BF866C1225C7}.Debug|x64.Build.0 = Debug|x64
		{EBA808F0-2BE9-46BC-B01E-BF866C1225C7}.Debug|x86.ActiveCfg = Debug|Win32
		{EBA808F0-2BE9-46BC-B01E-BF866C1225C7}.Debug|x86.Build.0 = Debug|Win32
		{EBA808F0-2BE9-46BC-B01E-BF866C1225C7}.Release|x64.ActiveCfg = Release|x64
		{EBA808F0-2BE9-46BC-B01E-BF866C1225C7}.Release|x64.Build.0 = Release|x64
		{EBA808F0-2BE9-46BC-B01E-BF866C1225C7}.Release|x86.ActiveCfg = Release|Win32
		{EBA808F0-2BE9-46BC-B01E-BF866C1225C7}.Release|x86.Build.0 = Release|Win32
	EndGlobalSection
	GlobalSection(SolutionProperties) = preSolution
		HideSolutionNode = FALSE
	EndGlobalSection
EndGlobal
